PODS:
  - beacon_kontakt (0.0.1):
    - Flutter
    - KontaktSDK (= 3.0.26)
  - Flutter (1.0.0)
  - KontaktSDK (3.0.26)

DEPENDENCIES:
  - beacon_kontakt (from `.symlinks/plugins/beacon_kontakt/ios`)
  - Flutter (from `Flutter`)

SPEC REPOS:
  trunk:
    - KontaktSDK

EXTERNAL SOURCES:
  beacon_kontakt:
    :path: ".symlinks/plugins/beacon_kontakt/ios"
  Flutter:
    :path: Flutter

SPEC CHECKSUMS:
  beacon_kontakt: d0e180b36cb459ef4af5cfa3be0d8cafe03bb257
  Flutter: e0871f40cf51350855a761d2e70bf5af5b9b5de7
  KontaktSDK: 988dafe70f470cbacce9620a1aff310fa28129cf

PODFILE CHECKSUM: c4c93c5f6502fe2754f48404d3594bf779584011

COCOAPODS: 1.15.2
